// !$*UTF8*$!
{
	archiveVersion = 1;
	classes = {
	};
	objectVersion = 48;
	objects = {

/* Begin PBXBuildFile section */
		630261341FAD7F280093AE18 /* Model.swift in Sources */ = {isa = PBXBuildFile; fileRef = 630261331FAD7F280093AE18 /* Model.swift */; };
		630261371FAD82BA0093AE18 /* GitHubAPI.swift in Sources */ = {isa = PBXBuildFile; fileRef = 630261361FAD82BA0093AE18 /* GitHubAPI.swift */; };
		630261391FAD82CA0093AE18 /* GitHubRouter.swift in Sources */ = {isa = PBXBuildFile; fileRef = 630261381FAD82CA0093AE18 /* GitHubRouter.swift */; };
		6302613B1FAD892F0093AE18 /* DataRequest+Extension.swift in Sources */ = {isa = PBXBuildFile; fileRef = 6302613A1FAD892F0093AE18 /* DataRequest+Extension.swift */; };
		6302613D1FAD8DF30093AE18 /* RepoViewController.swift in Sources */ = {isa = PBXBuildFile; fileRef = 6302613C1FAD8DF30093AE18 /* RepoViewController.swift */; };
		630405C21FA46E830090961E /* AppDelegate.swift in Sources */ = {isa = PBXBuildFile; fileRef = 630405C11FA46E830090961E /* AppDelegate.swift */; };
		630405C71FA46E830090961E /* Main.storyboard in Resources */ = {isa = PBXBuildFile; fileRef = 630405C51FA46E830090961E /* Main.storyboard */; };
		630405C91FA46E830090961E /* Assets.xcassets in Resources */ = {isa = PBXBuildFile; fileRef = 630405C81FA46E830090961E /* Assets.xcassets */; };
		630405CC1FA46E830090961E /* LaunchScreen.storyboard in Resources */ = {isa = PBXBuildFile; fileRef = 630405CA1FA46E830090961E /* LaunchScreen.storyboard */; };
		63BCCF461FA4749300E9DC34 /* LoginViewController.swift in Sources */ = {isa = PBXBuildFile; fileRef = 63BCCF451FA4749300E9DC34 /* LoginViewController.swift */; };
		63E2BF051FA4812B002D4A67 /* GlobalState.swift in Sources */ = {isa = PBXBuildFile; fileRef = 63E2BF041FA4812B002D4A67 /* GlobalState.swift */; };
		63E2BF071FA482F3002D4A67 /* API.swift in Sources */ = {isa = PBXBuildFile; fileRef = 63E2BF061FA482F3002D4A67 /* API.swift */; };
		63E2BF091FA483FF002D4A67 /* App.swift in Sources */ = {isa = PBXBuildFile; fileRef = 63E2BF081FA483FF002D4A67 /* App.swift */; };
		63E791E31FB5E10B0057742D /* BookmarkViewController.swift in Sources */ = {isa = PBXBuildFile; fileRef = 63E791E21FB5E10B0057742D /* BookmarkViewController.swift */; };
		63E791E51FB5E1200057742D /* IssuesViewController.swift in Sources */ = {isa = PBXBuildFile; fileRef = 63E791E41FB5E1200057742D /* IssuesViewController.swift */; };
		63E791F31FB5EAEF0057742D /* IssueCollectionViewCell.swift in Sources */ = {isa = PBXBuildFile; fileRef = 63E791F11FB5EAEF0057742D /* IssueCollectionViewCell.swift */; };
		63E791F41FB5EAEF0057742D /* IssueCollectionViewCell.xib in Resources */ = {isa = PBXBuildFile; fileRef = 63E791F21FB5EAEF0057742D /* IssueCollectionViewCell.xib */; };
		63E791F51FB5F1F80057742D /* LoadMoreFooterView.swift in Sources */ = {isa = PBXBuildFile; fileRef = 63E791EB1FB5E1560057742D /* LoadMoreFooterView.swift */; };
		63E791F61FB5F2290057742D /* LoadMoreFooterView.xib in Resources */ = {isa = PBXBuildFile; fileRef = 63E791EC1FB5E1560057742D /* LoadMoreFooterView.xib */; };
		79A45E2A0F0D3617F0263C66 /* Pods_IssuesApp.framework in Frameworks */ = {isa = PBXBuildFile; fileRef = 21A0B0BC72750EF35F6620E7 /* Pods_IssuesApp.framework */; };
/* End PBXBuildFile section */

/* Begin PBXFileReference section */
		21A0B0BC72750EF35F6620E7 /* Pods_IssuesApp.framework */ = {isa = PBXFileReference; explicitFileType = wrapper.framework; includeInIndex = 0; path = Pods_IssuesApp.framework; sourceTree = BUILT_PRODUCTS_DIR; };
		22D5D374A80174AE113C0922 /* Pods-IssuesApp.debug.xcconfig */ = {isa = PBXFileReference; includeInIndex = 1; lastKnownFileType = text.xcconfig; name = "Pods-IssuesApp.debug.xcconfig"; path = "Pods/Target Support Files/Pods-IssuesApp/Pods-IssuesApp.debug.xcconfig"; sourceTree = "<group>"; };
		630261331FAD7F280093AE18 /* Model.swift */ = {isa = PBXFileReference; lastKnownFileType = sourcecode.swift; path = Model.swift; sourceTree = "<group>"; };
		630261361FAD82BA0093AE18 /* GitHubAPI.swift */ = {isa = PBXFileReference; lastKnownFileType = sourcecode.swift; path = GitHubAPI.swift; sourceTree = "<group>"; };
		630261381FAD82CA0093AE18 /* GitHubRouter.swift */ = {isa = PBXFileReference; lastKnownFileType = sourcecode.swift; path = GitHubRouter.swift; sourceTree = "<group>"; };
		6302613A1FAD892F0093AE18 /* DataRequest+Extension.swift */ = {isa = PBXFileReference; fileEncoding = 4; lastKnownFileType = sourcecode.swift; name = "DataRequest+Extension.swift"; path = "../../../../../rxSwift/IssuesApp/IssuesApp/Util/Extension/DataRequest+Extension.swift"; sourceTree = "<group>"; };
		6302613C1FAD8DF30093AE18 /* RepoViewController.swift */ = {isa = PBXFileReference; lastKnownFileType = sourcecode.swift; path = RepoViewController.swift; sourceTree = "<group>"; };
		630405BE1FA46E830090961E /* IssuesApp.app */ = {isa = PBXFileReference; explicitFileType = wrapper.application; includeInIndex = 0; path = IssuesApp.app; sourceTree = BUILT_PRODUCTS_DIR; };
		630405C11FA46E830090961E /* AppDelegate.swift */ = {isa = PBXFileReference; lastKnownFileType = sourcecode.swift; path = AppDelegate.swift; sourceTree = "<group>"; };
		630405C61FA46E830090961E /* Base */ = {isa = PBXFileReference; lastKnownFileType = file.storyboard; name = Base; path = Base.lproj/Main.storyboard; sourceTree = "<group>"; };
		630405C81FA46E830090961E /* Assets.xcassets */ = {isa = PBXFileReference; lastKnownFileType = folder.assetcatalog; path = Assets.xcassets; sourceTree = "<group>"; };
		630405CB1FA46E830090961E /* Base */ = {isa = PBXFileReference; lastKnownFileType = file.storyboard; name = Base; path = Base.lproj/LaunchScreen.storyboard; sourceTree = "<group>"; };
		630405CD1FA46E830090961E /* Info.plist */ = {isa = PBXFileReference; lastKnownFileType = text.plist.xml; path = Info.plist; sourceTree = "<group>"; };
		63BCCF451FA4749300E9DC34 /* LoginViewController.swift */ = {isa = PBXFileReference; lastKnownFileType = sourcecode.swift; path = LoginViewController.swift; sourceTree = "<group>"; };
		63E2BF041FA4812B002D4A67 /* GlobalState.swift */ = {isa = PBXFileReference; lastKnownFileType = sourcecode.swift; path = GlobalState.swift; sourceTree = "<group>"; };
		63E2BF061FA482F3002D4A67 /* API.swift */ = {isa = PBXFileReference; lastKnownFileType = sourcecode.swift; path = API.swift; sourceTree = "<group>"; };
		63E2BF081FA483FF002D4A67 /* App.swift */ = {isa = PBXFileReference; lastKnownFileType = sourcecode.swift; path = App.swift; sourceTree = "<group>"; };
		63E791E21FB5E10B0057742D /* BookmarkViewController.swift */ = {isa = PBXFileReference; lastKnownFileType = sourcecode.swift; path = BookmarkViewController.swift; sourceTree = "<group>"; };
		63E791E41FB5E1200057742D /* IssuesViewController.swift */ = {isa = PBXFileReference; lastKnownFileType = sourcecode.swift; path = IssuesViewController.swift; sourceTree = "<group>"; };
		63E791EB1FB5E1560057742D /* LoadMoreFooterView.swift */ = {isa = PBXFileReference; lastKnownFileType = sourcecode.swift; path = LoadMoreFooterView.swift; sourceTree = "<group>"; };
		63E791EC1FB5E1560057742D /* LoadMoreFooterView.xib */ = {isa = PBXFileReference; lastKnownFileType = file.xib; path = LoadMoreFooterView.xib; sourceTree = "<group>"; };
		63E791F11FB5EAEF0057742D /* IssueCollectionViewCell.swift */ = {isa = PBXFileReference; lastKnownFileType = sourcecode.swift; path = IssueCollectionViewCell.swift; sourceTree = "<group>"; };
		63E791F21FB5EAEF0057742D /* IssueCollectionViewCell.xib */ = {isa = PBXFileReference; lastKnownFileType = file.xib; path = IssueCollectionViewCell.xib; sourceTree = "<group>"; };
		F84E25DFB80F3A8B6B63C82F /* Pods-IssuesApp.release.xcconfig */ = {isa = PBXFileReference; includeInIndex = 1; lastKnownFileType = text.xcconfig; name = "Pods-IssuesApp.release.xcconfig"; path = "Pods/Target Support Files/Pods-IssuesApp/Pods-IssuesApp.release.xcconfig"; sourceTree = "<group>"; };
/* End PBXFileReference section */

/* Begin PBXFrameworksBuildPhase section */
		630405BB1FA46E830090961E /* Frameworks */ = {
			isa = PBXFrameworksBuildPhase;
			buildActionMask = 2147483647;
			files = (
				79A45E2A0F0D3617F0263C66 /* Pods_IssuesApp.framework in Frameworks */,
			);
			runOnlyForDeploymentPostprocessing = 0;
		};
/* End PBXFrameworksBuildPhase section */

/* Begin PBXGroup section */
		630261321FAD7F190093AE18 /* Model */ = {
			isa = PBXGroup;
			children = (
				630261331FAD7F280093AE18 /* Model.swift */,
			);
			path = Model;
			sourceTree = "<group>";
		};
		630261351FAD82590093AE18 /* API */ = {
			isa = PBXGroup;
			children = (
				6302613A1FAD892F0093AE18 /* DataRequest+Extension.swift */,
				63E2BF061FA482F3002D4A67 /* API.swift */,
				630261361FAD82BA0093AE18 /* GitHubAPI.swift */,
				630261381FAD82CA0093AE18 /* GitHubRouter.swift */,
			);
			path = API;
			sourceTree = "<group>";
		};
		630405B51FA46E830090961E = {
			isa = PBXGroup;
			children = (
				630405C01FA46E830090961E /* IssuesApp */,
				630405BF1FA46E830090961E /* Products */,
				68454698CEDF07FCFBE3AD8E /* Pods */,
				F024FF3DBE739448E81DBC0E /* Frameworks */,
			);
			sourceTree = "<group>";
		};
		630405BF1FA46E830090961E /* Products */ = {
			isa = PBXGroup;
			children = (
				630405BE1FA46E830090961E /* IssuesApp.app */,
			);
			name = Products;
			sourceTree = "<group>";
		};
		630405C01FA46E830090961E /* IssuesApp */ = {
			isa = PBXGroup;
			children = (
				630261321FAD7F190093AE18 /* Model */,
				63BCCF441FA4748000E9DC34 /* View */,
				63E791E11FB5E0CF0057742D /* ViewController */,
				63E2BF031FA48101002D4A67 /* Utility */,
				630405C11FA46E830090961E /* AppDelegate.swift */,
				630405C51FA46E830090961E /* Main.storyboard */,
				630405C81FA46E830090961E /* Assets.xcassets */,
				630405CA1FA46E830090961E /* LaunchScreen.storyboard */,
				630405CD1FA46E830090961E /* Info.plist */,
			);
			path = IssuesApp;
			sourceTree = "<group>";
		};
		63BCCF441FA4748000E9DC34 /* View */ = {
			isa = PBXGroup;
			children = (
				63E791EA1FB5E1560057742D /* LoadView */,
				63E791DF1FB5E06E0057742D /* Cell */,
			);
			path = View;
			sourceTree = "<group>";
		};
		63E2BF031FA48101002D4A67 /* Utility */ = {
			isa = PBXGroup;
			children = (
				630261351FAD82590093AE18 /* API */,
				63E2BF041FA4812B002D4A67 /* GlobalState.swift */,
				63E2BF081FA483FF002D4A67 /* App.swift */,
			);
			path = Utility;
			sourceTree = "<group>";
		};
		63E791DE1FB5E0300057742D /* IssueCollectionViewCell */ = {
			isa = PBXGroup;
			children = (
				63E791F11FB5EAEF0057742D /* IssueCollectionViewCell.swift */,
				63E791F21FB5EAEF0057742D /* IssueCollectionViewCell.xib */,
			);
			path = IssueCollectionViewCell;
			sourceTree = "<group>";
		};
		63E791DF1FB5E06E0057742D /* Cell */ = {
			isa = PBXGroup;
			children = (
				63E791DE1FB5E0300057742D /* IssueCollectionViewCell */,
			);
			path = Cell;
			sourceTree = "<group>";
		};
		63E791E11FB5E0CF0057742D /* ViewController */ = {
			isa = PBXGroup;
			children = (
				6302613C1FAD8DF30093AE18 /* RepoViewController.swift */,
				63BCCF451FA4749300E9DC34 /* LoginViewController.swift */,
				63E791E21FB5E10B0057742D /* BookmarkViewController.swift */,
				63E791E41FB5E1200057742D /* IssuesViewController.swift */,
			);
			path = ViewController;
			sourceTree = "<group>";
		};
		63E791EA1FB5E1560057742D /* LoadView */ = {
			isa = PBXGroup;
			children = (
				63E791EB1FB5E1560057742D /* LoadMoreFooterView.swift */,
				63E791EC1FB5E1560057742D /* LoadMoreFooterView.xib */,
			);
			path = LoadView;
			sourceTree = "<group>";
		};
		68454698CEDF07FCFBE3AD8E /* Pods */ = {
			isa = PBXGroup;
			children = (
				22D5D374A80174AE113C0922 /* Pods-IssuesApp.debug.xcconfig */,
				F84E25DFB80F3A8B6B63C82F /* Pods-IssuesApp.release.xcconfig */,
			);
			name = Pods;
			sourceTree = "<group>";
		};
		F024FF3DBE739448E81DBC0E /* Frameworks */ = {
			isa = PBXGroup;
			children = (
				21A0B0BC72750EF35F6620E7 /* Pods_IssuesApp.framework */,
			);
			name = Frameworks;
			sourceTree = "<group>";
		};
/* End PBXGroup section */

/* Begin PBXNativeTarget section */
		630405BD1FA46E830090961E /* IssuesApp */ = {
			isa = PBXNativeTarget;
			buildConfigurationList = 630405D01FA46E830090961E /* Build configuration list for PBXNativeTarget "IssuesApp" */;
			buildPhases = (
				71144F238ED3FE4F9FEC6046 /* [CP] Check Pods Manifest.lock */,
				630405BA1FA46E830090961E /* Sources */,
				630405BB1FA46E830090961E /* Frameworks */,
				630405BC1FA46E830090961E /* Resources */,
				C1A654D509AA2BA5853D1DB2 /* [CP] Embed Pods Frameworks */,
				2ADC0AA667CCFCFECD7509F6 /* [CP] Copy Pods Resources */,
			);
			buildRules = (
			);
			dependencies = (
			);
			name = IssuesApp;
			productName = IssuesApp;
			productReference = 630405BE1FA46E830090961E /* IssuesApp.app */;
			productType = "com.apple.product-type.application";
		};
/* End PBXNativeTarget section */

/* Begin PBXProject section */
		630405B61FA46E830090961E /* Project object */ = {
			isa = PBXProject;
			attributes = {
				LastSwiftUpdateCheck = 0900;
				LastUpgradeCheck = 0900;
				ORGANIZATIONNAME = lyhonghwa;
				TargetAttributes = {
					630405BD1FA46E830090961E = {
						CreatedOnToolsVersion = 9.0.1;
						ProvisioningStyle = Automatic;
					};
				};
			};
			buildConfigurationList = 630405B91FA46E830090961E /* Build configuration list for PBXProject "IssuesApp" */;
			compatibilityVersion = "Xcode 8.0";
			developmentRegion = en;
			hasScannedForEncodings = 0;
			knownRegions = (
				en,
				Base,
			);
			mainGroup = 630405B51FA46E830090961E;
			productRefGroup = 630405BF1FA46E830090961E /* Products */;
			projectDirPath = "";
			projectRoot = "";
			targets = (
				630405BD1FA46E830090961E /* IssuesApp */,
			);
		};
/* End PBXProject section */

/* Begin PBXResourcesBuildPhase section */
		630405BC1FA46E830090961E /* Resources */ = {
			isa = PBXResourcesBuildPhase;
			buildActionMask = 2147483647;
			files = (
				63E791F61FB5F2290057742D /* LoadMoreFooterView.xib in Resources */,
				63E791F41FB5EAEF0057742D /* IssueCollectionViewCell.xib in Resources */,
				630405CC1FA46E830090961E /* LaunchScreen.storyboard in Resources */,
				630405C91FA46E830090961E /* Assets.xcassets in Resources */,
				630405C71FA46E830090961E /* Main.storyboard in Resources */,
			);
			runOnlyForDeploymentPostprocessing = 0;
		};
/* End PBXResourcesBuildPhase section */

/* Begin PBXShellScriptBuildPhase section */
		2ADC0AA667CCFCFECD7509F6 /* [CP] Copy Pods Resources */ = {
			isa = PBXShellScriptBuildPhase;
			buildActionMask = 2147483647;
			files = (
			);
			inputPaths = (
			);
			name = "[CP] Copy Pods Resources";
			outputPaths = (
			);
			runOnlyForDeploymentPostprocessing = 0;
			shellPath = /bin/sh;
			shellScript = "\"${SRCROOT}/Pods/Target Support Files/Pods-IssuesApp/Pods-IssuesApp-resources.sh\"\n";
			showEnvVarsInLog = 0;
		};
		71144F238ED3FE4F9FEC6046 /* [CP] Check Pods Manifest.lock */ = {
			isa = PBXShellScriptBuildPhase;
			buildActionMask = 2147483647;
			files = (
			);
			inputPaths = (
				"${PODS_PODFILE_DIR_PATH}/Podfile.lock",
				"${PODS_ROOT}/Manifest.lock",
			);
			name = "[CP] Check Pods Manifest.lock";
			outputPaths = (
				"$(DERIVED_FILE_DIR)/Pods-IssuesApp-checkManifestLockResult.txt",
			);
			runOnlyForDeploymentPostprocessing = 0;
			shellPath = /bin/sh;
			shellScript = "diff \"${PODS_PODFILE_DIR_PATH}/Podfile.lock\" \"${PODS_ROOT}/Manifest.lock\" > /dev/null\nif [ $? != 0 ] ; then\n    # print error to STDERR\n    echo \"error: The sandbox is not in sync with the Podfile.lock. Run 'pod install' or update your CocoaPods installation.\" >&2\n    exit 1\nfi\n# This output is used by Xcode 'outputs' to avoid re-running this script phase.\necho \"SUCCESS\" > \"${SCRIPT_OUTPUT_FILE_0}\"\n";
			showEnvVarsInLog = 0;
		};
		C1A654D509AA2BA5853D1DB2 /* [CP] Embed Pods Frameworks */ = {
			isa = PBXShellScriptBuildPhase;
			buildActionMask = 2147483647;
			files = (
			);
			inputPaths = (
				"${SRCROOT}/Pods/Target Support Files/Pods-IssuesApp/Pods-IssuesApp-frameworks.sh",
				"${BUILT_PRODUCTS_DIR}/Alamofire/Alamofire.framework",
				"${BUILT_PRODUCTS_DIR}/AlamofireImage/AlamofireImage.framework",
				"${BUILT_PRODUCTS_DIR}/OAuthSwift/OAuthSwift.framework",
				"${BUILT_PRODUCTS_DIR}/SwiftyJSON/SwiftyJSON.framework",
			);
			name = "[CP] Embed Pods Frameworks";
			outputPaths = (
				"${TARGET_BUILD_DIR}/${FRAMEWORKS_FOLDER_PATH}/Alamofire.framework",
				"${TARGET_BUILD_DIR}/${FRAMEWORKS_FOLDER_PATH}/AlamofireImage.framework",
				"${TARGET_BUILD_DIR}/${FRAMEWORKS_FOLDER_PATH}/OAuthSwift.framework",
				"${TARGET_BUILD_DIR}/${FRAMEWORKS_FOLDER_PATH}/SwiftyJSON.framework",
			);
			runOnlyForDeploymentPostprocessing = 0;
			shellPath = /bin/sh;
			shellScript = "\"${SRCROOT}/Pods/Target Support Files/Pods-IssuesApp/Pods-IssuesApp-frameworks.sh\"\n";
			showEnvVarsInLog = 0;
		};
/* End PBXShellScriptBuildPhase section */

/* Begin PBXSourcesBuildPhase section */
		630405BA1FA46E830090961E /* Sources */ = {
			isa = PBXSourcesBuildPhase;
			buildActionMask = 2147483647;
			files = (
				63E791F51FB5F1F80057742D /* LoadMoreFooterView.swift in Sources */,
				63E791E51FB5E1200057742D /* IssuesViewController.swift in Sources */,
				63E791E31FB5E10B0057742D /* BookmarkViewController.swift in Sources */,
				63BCCF461FA4749300E9DC34 /* LoginViewController.swift in Sources */,
				630261391FAD82CA0093AE18 /* GitHubRouter.swift in Sources */,
				630405C21FA46E830090961E /* AppDelegate.swift in Sources */,
				63E2BF071FA482F3002D4A67 /* API.swift in Sources */,
				630261341FAD7F280093AE18 /* Model.swift in Sources */,
				63E791F31FB5EAEF0057742D /* IssueCollectionViewCell.swift in Sources */,
				63E2BF091FA483FF002D4A67 /* App.swift in Sources */,
				6302613B1FAD892F0093AE18 /* DataRequest+Extension.swift in Sources */,
				630261371FAD82BA0093AE18 /* GitHubAPI.swift in Sources */,
				6302613D1FAD8DF30093AE18 /* RepoViewController.swift in Sources */,
				63E2BF051FA4812B002D4A67 /* GlobalState.swift in Sources */,
			);
			runOnlyForDeploymentPostprocessing = 0;
		};
/* End PBXSourcesBuildPhase section */

/* Begin PBXVariantGroup section */
		630405C51FA46E830090961E /* Main.storyboard */ = {
			isa = PBXVariantGroup;
			children = (
				630405C61FA46E830090961E /* Base */,
			);
			name = Main.storyboard;
			sourceTree = "<group>";
		};
		630405CA1FA46E830090961E /* LaunchScreen.storyboard */ = {
			isa = PBXVariantGroup;
			children = (
				630405CB1FA46E830090961E /* Base */,
			);
			name = LaunchScreen.storyboard;
			sourceTree = "<group>";
		};
/* End PBXVariantGroup section */

/* Begin XCBuildConfiguration section */
		630405CE1FA46E830090961E /* Debug */ = {
			isa = XCBuildConfiguration;
			buildSettings = {
				ALWAYS_SEARCH_USER_PATHS = NO;
				CLANG_ANALYZER_NONNULL = YES;
				CLANG_ANALYZER_NUMBER_OBJECT_CONVERSION = YES_AGGRESSIVE;
				CLANG_CXX_LANGUAGE_STANDARD = "gnu++14";
				CLANG_CXX_LIBRARY = "libc++";
				CLANG_ENABLE_MODULES = YES;
				CLANG_ENABLE_OBJC_ARC = YES;
				CLANG_WARN_BLOCK_CAPTURE_AUTORELEASING = YES;
				CLANG_WARN_BOOL_CONVERSION = YES;
				CLANG_WARN_COMMA = YES;
				CLANG_WARN_CONSTANT_CONVERSION = YES;
				CLANG_WARN_DIRECT_OBJC_ISA_USAGE = YES_ERROR;
				CLANG_WARN_DOCUMENTATION_COMMENTS = YES;
				CLANG_WARN_EMPTY_BODY = YES;
				CLANG_WARN_ENUM_CONVERSION = YES;
				CLANG_WARN_INFINITE_RECURSION = YES;
				CLANG_WARN_INT_CONVERSION = YES;
				CLANG_WARN_NON_LITERAL_NULL_CONVERSION = YES;
				CLANG_WARN_OBJC_LITERAL_CONVERSION = YES;
				CLANG_WARN_OBJC_ROOT_CLASS = YES_ERROR;
				CLANG_WARN_RANGE_LOOP_ANALYSIS = YES;
				CLANG_WARN_STRICT_PROTOTYPES = YES;
				CLANG_WARN_SUSPICIOUS_MOVE = YES;
				CLANG_WARN_UNGUARDED_AVAILABILITY = YES_AGGRESSIVE;
				CLANG_WARN_UNREACHABLE_CODE = YES;
				CLANG_WARN__DUPLICATE_METHOD_MATCH = YES;
				CODE_SIGN_IDENTITY = "iPhone Developer";
				COPY_PHASE_STRIP = NO;
				DEBUG_INFORMATION_FORMAT = dwarf;
				ENABLE_STRICT_OBJC_MSGSEND = YES;
				ENABLE_TESTABILITY = YES;
				GCC_C_LANGUAGE_STANDARD = gnu11;
				GCC_DYNAMIC_NO_PIC = NO;
				GCC_NO_COMMON_BLOCKS = YES;
				GCC_OPTIMIZATION_LEVEL = 0;
				GCC_PREPROCESSOR_DEFINITIONS = (
					"DEBUG=1",
					"$(inherited)",
				);
				GCC_WARN_64_TO_32_BIT_CONVERSION = YES;
				GCC_WARN_ABOUT_RETURN_TYPE = YES_ERROR;
				GCC_WARN_UNDECLARED_SELECTOR = YES;
				GCC_WARN_UNINITIALIZED_AUTOS = YES_AGGRESSIVE;
				GCC_WARN_UNUSED_FUNCTION = YES;
				GCC_WARN_UNUSED_VARIABLE = YES;
				IPHONEOS_DEPLOYMENT_TARGET = 11.0;
				MTL_ENABLE_DEBUG_INFO = YES;
				ONLY_ACTIVE_ARCH = YES;
				SDKROOT = iphoneos;
				SWIFT_ACTIVE_COMPILATION_CONDITIONS = DEBUG;
				SWIFT_OPTIMIZATION_LEVEL = "-Onone";
			};
			name = Debug;
		};
		630405CF1FA46E830090961E /* Release */ = {
			isa = XCBuildConfiguration;
			buildSettings = {
				ALWAYS_SEARCH_USER_PATHS = NO;
				CLANG_ANALYZER_NONNULL = YES;
				CLANG_ANALYZER_NUMBER_OBJECT_CONVERSION = YES_AGGRESSIVE;
				CLANG_CXX_LANGUAGE_STANDARD = "gnu++14";
				CLANG_CXX_LIBRARY = "libc++";
				CLANG_ENABLE_MODULES = YES;
				CLANG_ENABLE_OBJC_ARC = YES;
				CLANG_WARN_BLOCK_CAPTURE_AUTORELEASING = YES;
				CLANG_WARN_BOOL_CONVERSION = YES;
				CLANG_WARN_COMMA = YES;
				CLANG_WARN_CONSTANT_CONVERSION = YES;
				CLANG_WARN_DIRECT_OBJC_ISA_USAGE = YES_ERROR;
				CLANG_WARN_DOCUMENTATION_COMMENTS = YES;
				CLANG_WARN_EMPTY_BODY = YES;
				CLANG_WARN_ENUM_CONVERSION = YES;
				CLANG_WARN_INFINITE_RECURSION = YES;
				CLANG_WARN_INT_CONVERSION = YES;
				CLANG_WARN_NON_LITERAL_NULL_CONVERSION = YES;
				CLANG_WARN_OBJC_LITERAL_CONVERSION = YES;
				CLANG_WARN_OBJC_ROOT_CLASS = YES_ERROR;
				CLANG_WARN_RANGE_LOOP_ANALYSIS = YES;
				CLANG_WARN_STRICT_PROTOTYPES = YES;
				CLANG_WARN_SUSPICIOUS_MOVE = YES;
				CLANG_WARN_UNGUARDED_AVAILABILITY = YES_AGGRESSIVE;
				CLANG_WARN_UNREACHABLE_CODE = YES;
				CLANG_WARN__DUPLICATE_METHOD_MATCH = YES;
				CODE_SIGN_IDENTITY = "iPhone Developer";
				COPY_PHASE_STRIP = NO;
				DEBUG_INFORMATION_FORMAT = "dwarf-with-dsym";
				ENABLE_NS_ASSERTIONS = NO;
				ENABLE_STRICT_OBJC_MSGSEND = YES;
				GCC_C_LANGUAGE_STANDARD = gnu11;
				GCC_NO_COMMON_BLOCKS = YES;
				GCC_WARN_64_TO_32_BIT_CONVERSION = YES;
				GCC_WARN_ABOUT_RETURN_TYPE = YES_ERROR;
				GCC_WARN_UNDECLARED_SELECTOR = YES;
				GCC_WARN_UNINITIALIZED_AUTOS = YES_AGGRESSIVE;
				GCC_WARN_UNUSED_FUNCTION = YES;
				GCC_WARN_UNUSED_VARIABLE = YES;
				IPHONEOS_DEPLOYMENT_TARGET = 11.0;
				MTL_ENABLE_DEBUG_INFO = NO;
				SDKROOT = iphoneos;
				SWIFT_OPTIMIZATION_LEVEL = "-Owholemodule";
				VALIDATE_PRODUCT = YES;
			};
			name = Release;
		};
		630405D11FA46E830090961E /* Debug */ = {
			isa = XCBuildConfiguration;
			baseConfigurationReference = 22D5D374A80174AE113C0922 /* Pods-IssuesApp.debug.xcconfig */;
			buildSettings = {
				ASSETCATALOG_COMPILER_APPICON_NAME = AppIcon;
				CODE_SIGN_STYLE = Automatic;
				DEVELOPMENT_TEAM = 9798FKV9BN;
				INFOPLIST_FILE = IssuesApp/Info.plist;
				LD_RUNPATH_SEARCH_PATHS = "$(inherited) @executable_path/Frameworks";
				PRODUCT_BUNDLE_IDENTIFIER = io.github.lyhonghwa.IssuesApp;
				PRODUCT_NAME = "$(TARGET_NAME)";
				SWIFT_VERSION = 3.0;
				TARGETED_DEVICE_FAMILY = "1,2";
			};
			name = Debug;
		};
		630405D21FA46E830090961E /* Release */ = {
			isa = XCBuildConfiguration;
			baseConfigurationReference = F84E25DFB80F3A8B6B63C82F /* Pods-IssuesApp.release.xcconfig */;
			buildSettings = {
				ASSETCATALOG_COMPILER_APPICON_NAME = AppIcon;
				CODE_SIGN_STYLE = Automatic;
				DEVELOPMENT_TEAM = 9798FKV9BN;
				INFOPLIST_FILE = IssuesApp/Info.plist;
				LD_RUNPATH_SEARCH_PATHS = "$(inherited) @executable_path/Frameworks";
				PRODUCT_BUNDLE_IDENTIFIER = io.github.lyhonghwa.IssuesApp;
				PRODUCT_NAME = "$(TARGET_NAME)";
				SWIFT_VERSION = 3.0;
				TARGETED_DEVICE_FAMILY = "1,2";
			};
			name = Release;
		};
/* End XCBuildConfiguration section */

/* Begin XCConfigurationList section */
		630405B91FA46E830090961E /* Build configuration list for PBXProject "IssuesApp" */ = {
			isa = XCConfigurationList;
			buildConfigurations = (
				630405CE1FA46E830090961E /* Debug */,
				630405CF1FA46E830090961E /* Release */,
			);
			defaultConfigurationIsVisible = 0;
			defaultConfigurationName = Release;
		};
		630405D01FA46E830090961E /* Build configuration list for PBXNativeTarget "IssuesApp" */ = {
			isa = XCConfigurationList;
			buildConfigurations = (
				630405D11FA46E830090961E /* Debug */,
				630405D21FA46E830090961E /* Release */,
			);
			defaultConfigurationIsVisible = 0;
			defaultConfigurationName = Release;
		};
/* End XCConfigurationList section */
	};
	rootObject = 630405B61FA46E830090961E /* Project object */;
}
